
Microsoft Visual Studio Solution File, Format Version 12.00
# Visual Studio 2013
VisualStudioVersion = 12.0.30723.0
MinimumVisualStudioVersion = 10.0.40219.1
Project("{FAE04EC0-301F-11D3-BF4B-00C04F79EFBC}") = "ThreeCs", "ThreeCs\ThreeCs.csproj", "{62FAB8F3-CCE0-43CF-9A11-1D54D0C7E9E9}"
EndProject
Project("{FAE04EC0-301F-11D3-BF4B-00C04F79EFBC}") = "Demo", "Demo\Demo.csproj", "{7160FD07-2F07-48C4-836A-BD17D68E60D2}"
EndProject
Global
	GlobalSection(SolutionConfigurationPlatforms) = preSolution
		Debug|Any CPU = Debug|Any CPU
		Release|Any CPU = Release|Any CPU
	EndGlobalSection
	GlobalSection(ProjectConfigurationPlatforms) = postSolution
		{62FAB8F3-CCE0-43CF-9A11-1D54D0C7E9E9}.Debug|Any CPU.ActiveCfg = Debug|Any CPU
		{62FAB8F3-CCE0-43CF-9A11-1D54D0C7E9E9}.Debug|Any CPU.Build.0 = Debug|Any CPU
		{62FAB8F3-CCE0-43CF-9A11-1D54D0C7E9E9}.Release|Any CPU.ActiveCfg = Release|Any CPU
		{62FAB8F3-CCE0-43CF-9A11-1D54D0C7E9E9}.Release|Any CPU.Build.0 = Release|Any CPU
		{7160FD07-2F07-48C4-836A-BD17D68E60D2}.Debug|Any CPU.ActiveCfg = Debug|Any CPU
		{7160FD07-2F07-48C4-836A-BD17D68E60D2}.Debug|Any CPU.Build.0 = Debug|Any CPU
		{7160FD07-2F07-48C4-836A-BD17D68E60D2}.Release|Any CPU.ActiveCfg = Release|Any CPU
		{7160FD07-2F07-48C4-836A-BD17D68E60D2}.Release|Any CPU.Build.0 = Release|Any CPU
	EndGlobalSection
	GlobalSection(SolutionProperties) = preSolution
		HideSolutionNode = FALSE
	EndGlobalSection
EndGlobal
